
Microsoft Visual Studio Solution File, Format Version 12.00
# Visual Studio 15
VisualStudioVersion = 15.0.27703.2047
MinimumVisualStudioVersion = 10.0.40219.1
Project("{FAE04EC0-301F-11D3-BF4B-00C04F79EFBC}") = "Skiller", "Skiller\Skiller.csproj", "{DA0391F8-D9E6-4C66-83BB-70D2F6ABFE98}"
EndProject
Global
	GlobalSection(SolutionConfigurationPlatforms) = preSolution
		Debug|Any CPU = Debug|Any CPU
		Release|Any CPU = Release|Any CPU
	EndGlobalSection
	GlobalSection(ProjectConfigurationPlatforms) = postSolution
		{DA0391F8-D9E6-4C66-83BB-70D2F6ABFE98}.Debug|Any CPU.ActiveCfg = Debug|Any CPU
		{DA0391F8-D9E6-4C66-83BB-70D2F6ABFE98}.Debug|Any CPU.Build.0 = Debug|Any CPU
		{DA0391F8-D9E6-4C66-83BB-70D2F6ABFE98}.Release|Any CPU.ActiveCfg = Release|Any CPU
		{DA0391F8-D9E6-4C66-83BB-70D2F6ABFE98}.Release|Any CPU.Build.0 = Release|Any CPU
	EndGlobalSection
	GlobalSection(SolutionProperties) = preSolution
		HideSolutionNode = FALSE
	EndGlobalSection
	GlobalSection(ExtensibilityGlobals) = postSolution
		SolutionGuid = {C0B71315-8EB4-47C4-9BDD-857BB6C30E71}
	EndGlobalSection
EndGlobal
